
Microsoft Visual Studio Solution File, Format Version 12.00
# Visual Studio Version 17
VisualStudioVersion = 17.4.33213.308
MinimumVisualStudioVersion = 10.0.40219.1
Project("{9A19103F-16F7-4668-BE54-9A1E7A4F7556}") = "WebPocHub.Models", "WebPocHub.Models\WebPocHub.Models.csproj", "{CA18510D-464E-4DF2-91BA-8774C04D19D4}"
EndProject
Project("{FAE04EC0-301F-11D3-BF4B-00C04F79EFBC}") = "WebPocHub.Dal", "WebPocHub.Dal\WebPocHub.Dal.csproj", "{87E26A28-0CFB-440D-A9D8-9BDD859BAF24}"
EndProject
Global
	GlobalSection(SolutionConfigurationPlatforms) = preSolution
		Debug|Any CPU = Debug|Any CPU
		Release|Any CPU = Release|Any CPU
	EndGlobalSection
	GlobalSection(ProjectConfigurationPlatforms) = postSolution
		{CA18510D-464E-4DF2-91BA-8774C04D19D4}.Debug|Any CPU.ActiveCfg = Debug|Any CPU
		{CA18510D-464E-4DF2-91BA-8774C04D19D4}.Debug|Any CPU.Build.0 = Debug|Any CPU
		{CA18510D-464E-4DF2-91BA-8774C04D19D4}.Release|Any CPU.ActiveCfg = Release|Any CPU
		{CA18510D-464E-4DF2-91BA-8774C04D19D4}.Release|Any CPU.Build.0 = Release|Any CPU
		{87E26A28-0CFB-440D-A9D8-9BDD859BAF24}.Debug|Any CPU.ActiveCfg = Debug|Any CPU
		{87E26A28-0CFB-440D-A9D8-9BDD859BAF24}.Debug|Any CPU.Build.0 = Debug|Any CPU
		{87E26A28-0CFB-440D-A9D8-9BDD859BAF24}.Release|Any CPU.ActiveCfg = Release|Any CPU
		{87E26A28-0CFB-440D-A9D8-9BDD859BAF24}.Release|Any CPU.Build.0 = Release|Any CPU
	EndGlobalSection
	GlobalSection(SolutionProperties) = preSolution
		HideSolutionNode = FALSE
	EndGlobalSection
	GlobalSection(ExtensibilityGlobals) = postSolution
		SolutionGuid = {C8DCF177-9830-4C42-A417-5E336C773F10}
	EndGlobalSection
EndGlobal
